
Microsoft Visual Studio Solution File, Format Version 12.00
# Visual Studio Version 16
VisualStudioVersion = 16.0.30204.135
MinimumVisualStudioVersion = 10.0.40219.1
Project("{159641D6-6404-4A2A-AE62-294DE0FE8301}") = "BIML ETL Framework", "BIML ETL Framework.dtproj", "{5A329843-CC8F-48F3-945B-FCC9B5DABA57}"
EndProject
Global
	GlobalSection(SolutionConfigurationPlatforms) = preSolution
		Development|Default = Development|Default
	EndGlobalSection
	GlobalSection(ProjectConfigurationPlatforms) = postSolution
		{5A329843-CC8F-48F3-945B-FCC9B5DABA57}.Development|Default.ActiveCfg = Development
		{5A329843-CC8F-48F3-945B-FCC9B5DABA57}.Development|Default.Build.0 = Development
	EndGlobalSection
	GlobalSection(SolutionProperties) = preSolution
		HideSolutionNode = FALSE
	EndGlobalSection
	GlobalSection(ExtensibilityGlobals) = postSolution
		SolutionGuid = {C41D92EB-70DF-40FD-AE58-221BECE4FF1F}
	EndGlobalSection
EndGlobal
